
Microsoft Visual Studio Solution File, Format Version 12.00
# Visual Studio Version 17
VisualStudioVersion = 17.3.32929.385
MinimumVisualStudioVersion = 10.0.40219.1
Project("{FAE04EC0-301F-11D3-BF4B-00C04F79EFBC}") = "WinFormsApp1", "WinFormsApp1\WinFormsApp1.csproj", "{B214C68E-D2FE-464B-8283-C449C56320A3}"
EndProject
Global
	GlobalSection(SolutionConfigurationPlatforms) = preSolution
		Debug|Any CPU = Debug|Any CPU
		Release|Any CPU = Release|Any CPU
	EndGlobalSection
	GlobalSection(ProjectConfigurationPlatforms) = postSolution
		{B214C68E-D2FE-464B-8283-C449C56320A3}.Debug|Any CPU.ActiveCfg = Debug|Any CPU
		{B214C68E-D2FE-464B-8283-C449C56320A3}.Debug|Any CPU.Build.0 = Debug|Any CPU
		{B214C68E-D2FE-464B-8283-C449C56320A3}.Release|Any CPU.ActiveCfg = Release|Any CPU
		{B214C68E-D2FE-464B-8283-C449C56320A3}.Release|Any CPU.Build.0 = Release|Any CPU
	EndGlobalSection
	GlobalSection(SolutionProperties) = preSolution
		HideSolutionNode = FALSE
	EndGlobalSection
	GlobalSection(ExtensibilityGlobals) = postSolution
		SolutionGuid = {C7221256-CD0C-4B84-B3CE-52FC4B9D58E5}
	EndGlobalSection
EndGlobal
